# This file is autogenerated, do not edit; changes may be undone by the next 'dep ensure'.


[[projects]]
  branch = "master"
  name = "code.cloudfoundry.org/clock"
  packages = ["."]
  revision = "1fea04828a6fb034280dcb5d07f39f5b7f5739e9"

[[projects]]
  name = "github.com/Microsoft/ApplicationInsights-Go"
  packages = ["appinsights"]
  revision = "bac23a8f32e504d72bf361d9beef05b59fc478aa"
  version = "v0.3.0"

[[projects]]
  name = "github.com/cloudflare/cfssl"
  packages = ["log"]
  revision = "db0d0650b6496bfe8061ec56a92edd32d8e75c30"
  version = "1.2.0"

[[projects]]
  name = "github.com/containous/flaeg"
  packages = ["."]
  revision = "4b6f66624dce34a226f080b414c4705ea8731bc5"
  version = "v1.0.0"

[[projects]]
  name = "github.com/google/uuid"
  packages = ["."]
  revision = "064e2069ce9c359c118179501254f67d7d37ba24"
  version = "0.2"

[[projects]]
  branch = "master"
  name = "github.com/ogier/pflag"
  packages = ["."]
  revision = "45c278ab3607870051a2ea9040bb85fcb8557481"

[solve-meta]
  analyzer-name = "dep"
  analyzer-version = 1
  inputs-digest = "48f9ed5c282ef5d362ad7a1ddaade4c0b989b4397c179ef934d2db602a5c55e0"
  solver-name = "gps-cdcl"
  solver-version = 1
