# This file is autogenerated, do not edit; changes may be undone by the next 'dep ensure'.


[[projects]]
  branch = "master"
  name = "code.cloudfoundry.org/clock"
  packages = ["."]
  revision = "e9dc86bbf0e5bbe6bf7ff5a6f71e048959b61f71"

[[projects]]
  name = "github.com/Microsoft/ApplicationInsights-Go"
  packages = ["appinsights"]
  revision = "bac23a8f32e504d72bf361d9beef05b59fc478aa"
  version = "v0.3.0"

[[projects]]
  name = "github.com/containous/flaeg"
  packages = ["."]
  revision = "4b6f66624dce34a226f080b414c4705ea8731bc5"
  version = "v1.0.0"

[[projects]]
  name = "github.com/google/uuid"
  packages = ["."]
  revision = "064e2069ce9c359c118179501254f67d7d37ba24"
  version = "0.2"

[[projects]]
  branch = "master"
  name = "github.com/ogier/pflag"
  packages = ["."]
  revision = "45c278ab3607870051a2ea9040bb85fcb8557481"

[solve-meta]
  analyzer-name = "dep"
  analyzer-version = 1
  inputs-digest = "3b1a6c1c22b75415bbfdfb4c07e18a2b9cdadb1c27ac606fd5d48b17fcfeefd7"
  solver-name = "gps-cdcl"
  solver-version = 1
